
Microsoft Visual Studio Solution File, Format Version 12.00
# Visual Studio 2013
VisualStudioVersion = 12.0.30723.0
MinimumVisualStudioVersion = 10.0.40219.1
Project("{9092AA53-FB77-4645-B42D-1CCCA6BD08BD}") = "People.Node.TypeScript", "PersonInConsoleApplication\People.Node.TypeScript.njsproj", "{7E773902-8F67-4665-B9F4-733B9BB62250}"
EndProject
Project("{FAE04EC0-301F-11D3-BF4B-00C04F79EFBC}") = "People.TypeScript", "Person\People.TypeScript.csproj", "{447DA621-12C4-4306-83CF-DCA24D7C4DF6}"
EndProject
Project("{FAE04EC0-301F-11D3-BF4B-00C04F79EFBC}") = "People.NET", "Person.NET\People.NET.csproj", "{3E692911-F56B-4DFD-8ABF-BD4A36D3EC22}"
EndProject
Project("{FAE04EC0-301F-11D3-BF4B-00C04F79EFBC}") = "People.ConsoleApplication.NET", "Person.ConsoleApplication.NET\People.ConsoleApplication.NET.csproj", "{BB3268C7-3812-4E14-AA52-FFD0B8CEF219}"
EndProject
Global
	GlobalSection(SolutionConfigurationPlatforms) = preSolution
		Debug|Any CPU = Debug|Any CPU
		Release|Any CPU = Release|Any CPU
	EndGlobalSection
	GlobalSection(ProjectConfigurationPlatforms) = postSolution
		{7E773902-8F67-4665-B9F4-733B9BB62250}.Debug|Any CPU.ActiveCfg = Debug|Any CPU
		{7E773902-8F67-4665-B9F4-733B9BB62250}.Debug|Any CPU.Build.0 = Debug|Any CPU
		{7E773902-8F67-4665-B9F4-733B9BB62250}.Release|Any CPU.ActiveCfg = Release|Any CPU
		{7E773902-8F67-4665-B9F4-733B9BB62250}.Release|Any CPU.Build.0 = Release|Any CPU
		{447DA621-12C4-4306-83CF-DCA24D7C4DF6}.Debug|Any CPU.ActiveCfg = Debug|Any CPU
		{447DA621-12C4-4306-83CF-DCA24D7C4DF6}.Debug|Any CPU.Build.0 = Debug|Any CPU
		{447DA621-12C4-4306-83CF-DCA24D7C4DF6}.Release|Any CPU.ActiveCfg = Release|Any CPU
		{447DA621-12C4-4306-83CF-DCA24D7C4DF6}.Release|Any CPU.Build.0 = Release|Any CPU
		{3E692911-F56B-4DFD-8ABF-BD4A36D3EC22}.Debug|Any CPU.ActiveCfg = Debug|Any CPU
		{3E692911-F56B-4DFD-8ABF-BD4A36D3EC22}.Debug|Any CPU.Build.0 = Debug|Any CPU
		{3E692911-F56B-4DFD-8ABF-BD4A36D3EC22}.Release|Any CPU.ActiveCfg = Release|Any CPU
		{3E692911-F56B-4DFD-8ABF-BD4A36D3EC22}.Release|Any CPU.Build.0 = Release|Any CPU
		{BB3268C7-3812-4E14-AA52-FFD0B8CEF219}.Debug|Any CPU.ActiveCfg = Debug|Any CPU
		{BB3268C7-3812-4E14-AA52-FFD0B8CEF219}.Debug|Any CPU.Build.0 = Debug|Any CPU
		{BB3268C7-3812-4E14-AA52-FFD0B8CEF219}.Release|Any CPU.ActiveCfg = Release|Any CPU
		{BB3268C7-3812-4E14-AA52-FFD0B8CEF219}.Release|Any CPU.Build.0 = Release|Any CPU
	EndGlobalSection
	GlobalSection(SolutionProperties) = preSolution
		HideSolutionNode = FALSE
	EndGlobalSection
EndGlobal
